
Microsoft Visual Studio Solution File, Format Version 12.00
# Visual Studio Version 17
VisualStudioVersion = 17.4.33403.182
MinimumVisualStudioVersion = 10.0.40219.1
Project("{FAE04EC0-301F-11D3-BF4B-00C04F79EFBC}") = "WebStock", "WebStock\WebStock.csproj", "{86FFD88A-0834-4FAD-91E1-BB140CCC3E58}"
EndProject
Global
	GlobalSection(SolutionConfigurationPlatforms) = preSolution
		Debug|Any CPU = Debug|Any CPU
		Release|Any CPU = Release|Any CPU
	EndGlobalSection
	GlobalSection(ProjectConfigurationPlatforms) = postSolution
		{86FFD88A-0834-4FAD-91E1-BB140CCC3E58}.Debug|Any CPU.ActiveCfg = Debug|Any CPU
		{86FFD88A-0834-4FAD-91E1-BB140CCC3E58}.Debug|Any CPU.Build.0 = Debug|Any CPU
		{86FFD88A-0834-4FAD-91E1-BB140CCC3E58}.Release|Any CPU.ActiveCfg = Release|Any CPU
		{86FFD88A-0834-4FAD-91E1-BB140CCC3E58}.Release|Any CPU.Build.0 = Release|Any CPU
	EndGlobalSection
	GlobalSection(SolutionProperties) = preSolution
		HideSolutionNode = FALSE
	EndGlobalSection
	GlobalSection(ExtensibilityGlobals) = postSolution
		SolutionGuid = {06AB33E4-169D-4A9F-8C79-2CA0383643AD}
	EndGlobalSection
EndGlobal
